
Microsoft Visual Studio Solution File, Format Version 12.00
# Visual Studio Version 16
VisualStudioVersion = 16.0.28917.181
MinimumVisualStudioVersion = 10.0.40219.1
Project("{FAE04EC0-301F-11D3-BF4B-00C04F79EFBC}") = "Project2", "Project2\Project2.csproj", "{8788DA2A-AA6D-4F6A-9EE7-0F6C7BC8857D}"
EndProject
Global
	GlobalSection(SolutionConfigurationPlatforms) = preSolution
		Debug|Any CPU = Debug|Any CPU
		Release|Any CPU = Release|Any CPU
	EndGlobalSection
	GlobalSection(ProjectConfigurationPlatforms) = postSolution
		{8788DA2A-AA6D-4F6A-9EE7-0F6C7BC8857D}.Debug|Any CPU.ActiveCfg = Debug|Any CPU
		{8788DA2A-AA6D-4F6A-9EE7-0F6C7BC8857D}.Debug|Any CPU.Build.0 = Debug|Any CPU
		{8788DA2A-AA6D-4F6A-9EE7-0F6C7BC8857D}.Release|Any CPU.ActiveCfg = Release|Any CPU
		{8788DA2A-AA6D-4F6A-9EE7-0F6C7BC8857D}.Release|Any CPU.Build.0 = Release|Any CPU
	EndGlobalSection
	GlobalSection(SolutionProperties) = preSolution
		HideSolutionNode = FALSE
	EndGlobalSection
	GlobalSection(ExtensibilityGlobals) = postSolution
		SolutionGuid = {EB05C286-43C2-4120-9483-BA4C90E35845}
	EndGlobalSection
EndGlobal
